{
  "name": "abrupt-statuesque-lemur",
  "version": "0.0.1",
  "lockfileVersion": 1,
  "requires": true,
  "dependencies": {
    "@babylonjs/core": {
      "version": "4.2.0",
      "resolved": "https://registry.npmjs.org/@babylonjs/core/-/core-4.2.0.tgz",
      "integrity": "sha512-sZQigPvMDc0pcgwlKvTF5gsMzGwT8gelQIOyxELrohdFu12pHGhIr61+yVxxq9tpCdzyYD9kS8LM0w2y+5ypkg==",
      "requires": {
        "tslib": ">=1.10.0"
      },
      "dependencies": {
        "tslib": {
          "version": "2.2.0",
          "resolved": "https://registry.npmjs.org/tslib/-/tslib-2.2.0.tgz",
          "integrity": "sha512-gS9GVHRU+RGn5KQM2rllAlR3dU6m7AcpJKdtH8gFvQiC4Otgk98XnmMU+nZenHt/+VhnBPWwgrJsyrdcw6i23w=="
        }
      }
    },
    "@babylonjs/gui": {
      "version": "4.2.0",
      "resolved": "https://registry.npmjs.org/@babylonjs/gui/-/gui-4.2.0.tgz",
      "integrity": "sha512-AQnqwFDmQ05FAw4B0BPVUFqWgdSKVI23qVHm/uOOMBQhMo8+WE2pTNATm6Qw/HDVLCp5qUjwIij/3JtG5s0fBw==",
      "requires": {
        "@babylonjs/core": "4.2.0",
        "tslib": ">=1.10.0"
      },
      "dependencies": {
        "@babylonjs/core": {
          "version": "4.2.0",
          "resolved": "https://registry.npmjs.org/@babylonjs/core/-/core-4.2.0.tgz",
          "integrity": "sha512-sZQigPvMDc0pcgwlKvTF5gsMzGwT8gelQIOyxELrohdFu12pHGhIr61+yVxxq9tpCdzyYD9kS8LM0w2y+5ypkg==",
          "requires": {
            "tslib": ">=1.10.0"
          }
        },
        "tslib": {
          "version": "2.2.0",
          "resolved": "https://registry.npmjs.org/tslib/-/tslib-2.2.0.tgz",
          "integrity": "sha512-gS9GVHRU+RGn5KQM2rllAlR3dU6m7AcpJKdtH8gFvQiC4Otgk98XnmMU+nZenHt/+VhnBPWwgrJsyrdcw6i23w=="
        }
      }
    },
    "@vitejs/plugin-react-refresh": {
      "version": "1.3.3",
      "dev": true,
      "requires": {
        "@babel/core": "^7.12.13",
        "@babel/plugin-transform-react-jsx-self": "^7.12.13",
        "@babel/plugin-transform-react-jsx-source": "^7.12.13",
        "react-refresh": "^0.9.0"
      }
    },
    "babylonjs": {
      "version": "5.0.0-alpha.24",
      "resolved": "https://registry.npmjs.org/babylonjs/-/babylonjs-5.0.0-alpha.24.tgz",
      "integrity": "sha512-jTITdoVK5siKwAgMzqyRNUrVIYzsfITbmvWMV29gJpiVp4cwy4P1AgLjqqEWvN5cHkiNgTQBNDY4wJYV8bF+oA=="
    },
    "babylonjs-gltf2interface": {
      "version": "5.0.0-alpha.24",
      "resolved": "https://registry.npmjs.org/babylonjs-gltf2interface/-/babylonjs-gltf2interface-5.0.0-alpha.24.tgz",
      "integrity": "sha512-mKJ9DXCo9xGt/WINz10NJNU2/cV56vLkZuLaTqTvgDl/xpD3xLOWb5lUbHWeFMsnKUxHL1YsSK169O2sa2F4Tg=="
    },
    "babylonjs-gui": {
      "version": "5.0.0-alpha.24",
      "resolved": "https://registry.npmjs.org/babylonjs-gui/-/babylonjs-gui-5.0.0-alpha.24.tgz",
      "integrity": "sha512-DC0nERsxYLy6Qqm3TTyib6Ct65uuwVAudYfmhEVNdnt2bJ9yJFyzbd8mjDb0eQjv0hwzpJjYCV07PT20KZllaA==",
      "requires": {
        "babylonjs": "5.0.0-alpha.24"
      }
    },
    "babylonjs-loaders": {
      "version": "5.0.0-alpha.24",
      "resolved": "https://registry.npmjs.org/babylonjs-loaders/-/babylonjs-loaders-5.0.0-alpha.24.tgz",
      "integrity": "sha512-OZDeJp6DZk5GdXM6GLXSoT5HfcOwI97zLOHweWP4JGYhrJGjqZOGAv733iSGbPjDSF40VeuuJc0xaf4HE/JV/g==",
      "requires": {
        "babylonjs": "5.0.0-alpha.24",
        "babylonjs-gltf2interface": "5.0.0-alpha.24"
      }
    },
    "vite": {
      "version": "2.3.7",
      "dev": true,
      "requires": {
        "esbuild": "^0.12.5",
        "fsevents": "~2.3.1",
        "postcss": "^8.3.0",
        "resolve": "^1.19.0",
        "rollup": "^2.38.5"
      }
    }
  }
}
